
Microsoft Visual Studio Solution File, Format Version 12.00
# Visual Studio Version 17
VisualStudioVersion = 17.7.33711.374
MinimumVisualStudioVersion = 10.0.40219.1
Project("{9A19103F-16F7-4668-BE54-9A1E7A4F7556}") = "ConsoleApp", "Console\ConsoleApp.csproj", "{FB4E0A75-09A8-4C32-ADC3-C335C0670621}"
EndProject
Global
	GlobalSection(SolutionConfigurationPlatforms) = preSolution
		Debug|Any CPU = Debug|Any CPU
		Release|Any CPU = Release|Any CPU
	EndGlobalSection
	GlobalSection(ProjectConfigurationPlatforms) = postSolution
		{FB4E0A75-09A8-4C32-ADC3-C335C0670621}.Debug|Any CPU.ActiveCfg = Debug|Any CPU
		{FB4E0A75-09A8-4C32-ADC3-C335C0670621}.Debug|Any CPU.Build.0 = Debug|Any CPU
		{FB4E0A75-09A8-4C32-ADC3-C335C0670621}.Release|Any CPU.ActiveCfg = Release|Any CPU
		{FB4E0A75-09A8-4C32-ADC3-C335C0670621}.Release|Any CPU.Build.0 = Release|Any CPU
	EndGlobalSection
	GlobalSection(SolutionProperties) = preSolution
		HideSolutionNode = FALSE
	EndGlobalSection
	GlobalSection(ExtensibilityGlobals) = postSolution
		SolutionGuid = {835230A8-CE16-4636-BB2A-93406FFBC0CC}
	EndGlobalSection
EndGlobal
